PODS:
  - Kiwi/ARC (2.2.4)
  - Kiwi/NonARC (2.2.4)
  - Kiwi/XCTest (2.2.4):
    - Kiwi/ARC
    - Kiwi/NonARC
  - SRMonthPicker (0.2.9)

DEPENDENCIES:
  - Kiwi/XCTest
  - SRMonthPicker (from `..`)

EXTERNAL SOURCES:
  SRMonthPicker:
    :path: ..

SPEC CHECKSUMS:
  Kiwi: c73667f2b84cbf36f1a3830267c5a4ae8dcbd8ba
  SRMonthPicker: 1d7691448f483361a52e54696d36f67633dd6f51

COCOAPODS: 0.36.0.beta.1
