PODS:
  - Kiwi/ARC (2.2.3)
  - Kiwi/NonARC (2.2.3)
  - Kiwi/XCTest (2.2.3):
    - Kiwi/ARC
    - Kiwi/NonARC
  - SRMonthPicker (0.2.9)

DEPENDENCIES:
  - Kiwi/XCTest
  - SRMonthPicker (from `..`)

EXTERNAL SOURCES:
  SRMonthPicker:
    :path: ..

SPEC CHECKSUMS:
  Kiwi: 04c51e880831d291748ec702d42c4101f7eb95c9
  SRMonthPicker: 483ab343465f8b88bb54394e37be692b50418fd1

COCOAPODS: 0.32.1
