PODS:
  - Kiwi (2.0.6)
  - SRMonthPicker (0.2.7)

DEPENDENCIES:
  - Kiwi
  - SRMonthPicker (from `../.`)

EXTERNAL SOURCES:
  SRMonthPicker:
    :path: ../.

SPEC CHECKSUMS:
  Kiwi: 56082a80f942de4d10423d8d8a599ab30cf50228
  SRMonthPicker: 3d52c7c22f4705eba37ac6463a170cb34a8d3239

COCOAPODS: 0.20.2
