<?xml version="1.0" encoding="UTF-8"?>
<!DOCTYPE plist PUBLIC "-//Apple//DTD PLIST 1.0//EN" "http://www.apple.com/DTDs/PropertyList-1.0.dtd">
<plist version="1.0">
<dict>
	<key>archiveVersion</key>
	<string>1</string>
	<key>classes</key>
	<dict/>
	<key>objectVersion</key>
	<string>46</string>
	<key>objects</key>
	<dict>
		<key>04D22F5D30D44E48BE68E847</key>
		<dict>
			<key>buildActionMask</key>
			<string>2147483647</string>
			<key>files</key>
			<array/>
			<key>inputPaths</key>
			<array/>
			<key>isa</key>
			<string>PBXShellScriptBuildPhase</string>
			<key>name</key>
			<string>Check Pods Manifest.lock</string>
			<key>outputPaths</key>
			<array/>
			<key>runOnlyForDeploymentPostprocessing</key>
			<string>0</string>
			<key>shellPath</key>
			<string>/bin/sh</string>
			<key>shellScript</key>
			<string>diff "${PODS_ROOT}/../Podfile.lock" "${PODS_ROOT}/Manifest.lock" &gt; /dev/null
if [[ $? != 0 ]] ; then
    cat &lt;&lt; EOM
error: The sandbox is not in sync with the Podfile.lock. Run 'pod install' or update your CocoaPods installation.
EOM
    exit 1
fi
</string>
			<key>showEnvVarsInLog</key>
			<string>0</string>
		</dict>
		<key>18A94794CB4FD6CCD38235A2</key>
		<dict>
			<key>includeInIndex</key>
			<string>1</string>
			<key>isa</key>
			<string>PBXFileReference</string>
			<key>lastKnownFileType</key>
			<string>text.xcconfig</string>
			<key>name</key>
			<string>Pods-SRMonthPickerTests.release.xcconfig</string>
			<key>path</key>
			<string>Pods/Target Support Files/Pods-SRMonthPickerTests/Pods-SRMonthPickerTests.release.xcconfig</string>
			<key>sourceTree</key>
			<string>&lt;group&gt;</string>
		</dict>
		<key>2E036F3518CC44D6948F2377</key>
		<dict>
			<key>fileRef</key>
			<string>95D45B911F4D4D718943F237</string>
			<key>isa</key>
			<string>PBXBuildFile</string>
		</dict>
		<key>56DFBB94DE2040B298251ABA</key>
		<dict>
			<key>explicitFileType</key>
			<string>archive.ar</string>
			<key>includeInIndex</key>
			<string>0</string>
			<key>isa</key>
			<string>PBXFileReference</string>
			<key>path</key>
			<string>libPods-SRMonthPickerTests.a</string>
			<key>sourceTree</key>
			<string>BUILT_PRODUCTS_DIR</string>
		</dict>
		<key>756D57748BC241B64D3631C1</key>
		<dict>
			<key>includeInIndex</key>
			<string>1</string>
			<key>isa</key>
			<string>PBXFileReference</string>
			<key>lastKnownFileType</key>
			<string>text.xcconfig</string>
			<key>name</key>
			<string>Pods.debug.xcconfig</string>
			<key>path</key>
			<string>Pods/Target Support Files/Pods/Pods.debug.xcconfig</string>
			<key>sourceTree</key>
			<string>&lt;group&gt;</string>
		</dict>
		<key>787CD66ED18747C6B6BEC6F3</key>
		<dict>
			<key>buildActionMask</key>
			<string>2147483647</string>
			<key>files</key>
			<array/>
			<key>inputPaths</key>
			<array/>
			<key>isa</key>
			<string>PBXShellScriptBuildPhase</string>
			<key>name</key>
			<string>Copy Pods Resources</string>
			<key>outputPaths</key>
			<array/>
			<key>runOnlyForDeploymentPostprocessing</key>
			<string>0</string>
			<key>shellPath</key>
			<string>/bin/sh</string>
			<key>shellScript</key>
			<string>"${SRCROOT}/Pods/Target Support Files/Pods-SRMonthPickerTests/Pods-SRMonthPickerTests-resources.sh"
</string>
			<key>showEnvVarsInLog</key>
			<string>0</string>
		</dict>
		<key>87C7F103B37A4E9F8F1C6030</key>
		<dict>
			<key>buildActionMask</key>
			<string>2147483647</string>
			<key>files</key>
			<array/>
			<key>inputPaths</key>
			<array/>
			<key>isa</key>
			<string>PBXShellScriptBuildPhase</string>
			<key>name</key>
			<string>Check Pods Manifest.lock</string>
			<key>outputPaths</key>
			<array/>
			<key>runOnlyForDeploymentPostprocessing</key>
			<string>0</string>
			<key>shellPath</key>
			<string>/bin/sh</string>
			<key>shellScript</key>
			<string>diff "${PODS_ROOT}/../Podfile.lock" "${PODS_ROOT}/Manifest.lock" &gt; /dev/null
if [[ $? != 0 ]] ; then
    cat &lt;&lt; EOM
error: The sandbox is not in sync with the Podfile.lock. Run 'pod install' or update your CocoaPods installation.
EOM
    exit 1
fi
</string>
			<key>showEnvVarsInLog</key>
			<string>0</string>
		</dict>
		<key>95D45B911F4D4D718943F237</key>
		<dict>
			<key>explicitFileType</key>
			<string>archive.ar</string>
			<key>includeInIndex</key>
			<string>0</string>
			<key>isa</key>
			<string>PBXFileReference</string>
			<key>path</key>
			<string>libPods.a</string>
			<key>sourceTree</key>
			<string>BUILT_PRODUCTS_DIR</string>
		</dict>
		<key>B9CF5FD90E534C9AA2630735</key>
		<dict>
			<key>buildActionMask</key>
			<string>2147483647</string>
			<key>files</key>
			<array/>
			<key>inputPaths</key>
			<array/>
			<key>isa</key>
			<string>PBXShellScriptBuildPhase</string>
			<key>name</key>
			<string>Copy Pods Resources</string>
			<key>outputPaths</key>
			<array/>
			<key>runOnlyForDeploymentPostprocessing</key>
			<string>0</string>
			<key>shellPath</key>
			<string>/bin/sh</string>
			<key>shellScript</key>
			<string>"${SRCROOT}/Pods/Target Support Files/Pods/Pods-resources.sh"
</string>
			<key>showEnvVarsInLog</key>
			<string>0</string>
		</dict>
		<key>BBA3C1C495EB6CBCE7CDA08E</key>
		<dict>
			<key>includeInIndex</key>
			<string>1</string>
			<key>isa</key>
			<string>PBXFileReference</string>
			<key>lastKnownFileType</key>
			<string>text.xcconfig</string>
			<key>name</key>
			<string>Pods.release.xcconfig</string>
			<key>path</key>
			<string>Pods/Target Support Files/Pods/Pods.release.xcconfig</string>
			<key>sourceTree</key>
			<string>&lt;group&gt;</string>
		</dict>
		<key>CDE919137BD44F4806065E84</key>
		<dict>
			<key>children</key>
			<array>
				<string>756D57748BC241B64D3631C1</string>
				<string>BBA3C1C495EB6CBCE7CDA08E</string>
				<string>E6099FAD4107E14AB2F2CCCC</string>
				<string>18A94794CB4FD6CCD38235A2</string>
			</array>
			<key>isa</key>
			<string>PBXGroup</string>
			<key>name</key>
			<string>Pods</string>
			<key>sourceTree</key>
			<string>&lt;group&gt;</string>
		</dict>
		<key>E6099FAD4107E14AB2F2CCCC</key>
		<dict>
			<key>includeInIndex</key>
			<string>1</string>
			<key>isa</key>
			<string>PBXFileReference</string>
			<key>lastKnownFileType</key>
			<string>text.xcconfig</string>
			<key>name</key>
			<string>Pods-SRMonthPickerTests.debug.xcconfig</string>
			<key>path</key>
			<string>Pods/Target Support Files/Pods-SRMonthPickerTests/Pods-SRMonthPickerTests.debug.xcconfig</string>
			<key>sourceTree</key>
			<string>&lt;group&gt;</string>
		</dict>
		<key>E8D3D4C23AFF4BD39776CA0A</key>
		<dict>
			<key>fileRef</key>
			<string>56DFBB94DE2040B298251ABA</string>
			<key>isa</key>
			<string>PBXBuildFile</string>
		</dict>
		<key>F447109C1852DCC700C83B85</key>
		<dict>
			<key>fileEncoding</key>
			<string>4</string>
			<key>isa</key>
			<string>PBXFileReference</string>
			<key>lastKnownFileType</key>
			<string>sourcecode.c.h</string>
			<key>path</key>
			<string>SRMonthPickerSpec.h</string>
			<key>sourceTree</key>
			<string>&lt;group&gt;</string>
		</dict>
		<key>F447109D1852DCC700C83B85</key>
		<dict>
			<key>fileEncoding</key>
			<string>4</string>
			<key>isa</key>
			<string>PBXFileReference</string>
			<key>lastKnownFileType</key>
			<string>sourcecode.c.objc</string>
			<key>path</key>
			<string>SRMonthPickerSpec.m</string>
			<key>sourceTree</key>
			<string>&lt;group&gt;</string>
		</dict>
		<key>F447109E1852DCC700C83B85</key>
		<dict>
			<key>fileRef</key>
			<string>F447109D1852DCC700C83B85</string>
			<key>isa</key>
			<string>PBXBuildFile</string>
		</dict>
		<key>F4ACBCD21852D9F400E1D87E</key>
		<dict>
			<key>children</key>
			<array>
				<string>F4ACBCE41852D9F400E1D87E</string>
				<string>F4ACBD031852D9F400E1D87E</string>
				<string>F4ACBCDD1852D9F400E1D87E</string>
				<string>F4ACBCDC1852D9F400E1D87E</string>
				<string>CDE919137BD44F4806065E84</string>
			</array>
			<key>isa</key>
			<string>PBXGroup</string>
			<key>sourceTree</key>
			<string>&lt;group&gt;</string>
		</dict>
		<key>F4ACBCD31852D9F400E1D87E</key>
		<dict>
			<key>attributes</key>
			<dict>
				<key>LastUpgradeCheck</key>
				<string>0510</string>
				<key>ORGANIZATIONNAME</key>
				<string>Simon Rice</string>
				<key>TargetAttributes</key>
				<dict>
					<key>F4ACBCFB1852D9F400E1D87E</key>
					<dict>
						<key>TestTargetID</key>
						<string>F4ACBCDA1852D9F400E1D87E</string>
					</dict>
				</dict>
			</dict>
			<key>buildConfigurationList</key>
			<string>F4ACBCD61852D9F400E1D87E</string>
			<key>compatibilityVersion</key>
			<string>Xcode 3.2</string>
			<key>developmentRegion</key>
			<string>English</string>
			<key>hasScannedForEncodings</key>
			<string>0</string>
			<key>isa</key>
			<string>PBXProject</string>
			<key>knownRegions</key>
			<array>
				<string>en</string>
				<string>Base</string>
			</array>
			<key>mainGroup</key>
			<string>F4ACBCD21852D9F400E1D87E</string>
			<key>productRefGroup</key>
			<string>F4ACBCDC1852D9F400E1D87E</string>
			<key>projectDirPath</key>
			<string></string>
			<key>projectReferences</key>
			<array/>
			<key>projectRoot</key>
			<string></string>
			<key>targets</key>
			<array>
				<string>F4ACBCDA1852D9F400E1D87E</string>
				<string>F4ACBCFB1852D9F400E1D87E</string>
			</array>
		</dict>
		<key>F4ACBCD61852D9F400E1D87E</key>
		<dict>
			<key>buildConfigurations</key>
			<array>
				<string>F4ACBD0B1852D9F400E1D87E</string>
				<string>F4ACBD0C1852D9F400E1D87E</string>
			</array>
			<key>defaultConfigurationIsVisible</key>
			<string>0</string>
			<key>defaultConfigurationName</key>
			<string>Release</string>
			<key>isa</key>
			<string>XCConfigurationList</string>
		</dict>
		<key>F4ACBCD71852D9F400E1D87E</key>
		<dict>
			<key>buildActionMask</key>
			<string>2147483647</string>
			<key>files</key>
			<array>
				<string>F4ACBCF51852D9F400E1D87E</string>
				<string>F4ACBCEB1852D9F400E1D87E</string>
				<string>F4ACBD181852DAB300E1D87E</string>
			</array>
			<key>isa</key>
			<string>PBXSourcesBuildPhase</string>
			<key>runOnlyForDeploymentPostprocessing</key>
			<string>0</string>
		</dict>
		<key>F4ACBCD81852D9F400E1D87E</key>
		<dict>
			<key>buildActionMask</key>
			<string>2147483647</string>
			<key>files</key>
			<array>
				<string>F4ACBCE11852D9F400E1D87E</string>
				<string>F4ACBCE31852D9F400E1D87E</string>
				<string>F4ACBCDF1852D9F400E1D87E</string>
				<string>2E036F3518CC44D6948F2377</string>
			</array>
			<key>isa</key>
			<string>PBXFrameworksBuildPhase</string>
			<key>runOnlyForDeploymentPostprocessing</key>
			<string>0</string>
		</dict>
		<key>F4ACBCD91852D9F400E1D87E</key>
		<dict>
			<key>buildActionMask</key>
			<string>2147483647</string>
			<key>files</key>
			<array>
				<string>F4ACBD1E1852DB4300E1D87E</string>
			</array>
			<key>isa</key>
			<string>PBXResourcesBuildPhase</string>
			<key>runOnlyForDeploymentPostprocessing</key>
			<string>0</string>
		</dict>
		<key>F4ACBCDA1852D9F400E1D87E</key>
		<dict>
			<key>buildConfigurationList</key>
			<string>F4ACBD0D1852D9F400E1D87E</string>
			<key>buildPhases</key>
			<array>
				<string>87C7F103B37A4E9F8F1C6030</string>
				<string>F4ACBCD71852D9F400E1D87E</string>
				<string>F4ACBCD81852D9F400E1D87E</string>
				<string>F4ACBCD91852D9F400E1D87E</string>
				<string>B9CF5FD90E534C9AA2630735</string>
			</array>
			<key>buildRules</key>
			<array/>
			<key>dependencies</key>
			<array/>
			<key>isa</key>
			<string>PBXNativeTarget</string>
			<key>name</key>
			<string>SRMonthPickerExample</string>
			<key>productName</key>
			<string>SRMonthPickerExample</string>
			<key>productReference</key>
			<string>F4ACBCDB1852D9F400E1D87E</string>
			<key>productType</key>
			<string>com.apple.product-type.application</string>
		</dict>
		<key>F4ACBCDB1852D9F400E1D87E</key>
		<dict>
			<key>explicitFileType</key>
			<string>wrapper.application</string>
			<key>includeInIndex</key>
			<string>0</string>
			<key>isa</key>
			<string>PBXFileReference</string>
			<key>path</key>
			<string>SRMonthPickerExample.app</string>
			<key>sourceTree</key>
			<string>BUILT_PRODUCTS_DIR</string>
		</dict>
		<key>F4ACBCDC1852D9F400E1D87E</key>
		<dict>
			<key>children</key>
			<array>
				<string>F4ACBCDB1852D9F400E1D87E</string>
				<string>F4ACBCFC1852D9F400E1D87E</string>
			</array>
			<key>isa</key>
			<string>PBXGroup</string>
			<key>name</key>
			<string>Products</string>
			<key>sourceTree</key>
			<string>&lt;group&gt;</string>
		</dict>
		<key>F4ACBCDD1852D9F400E1D87E</key>
		<dict>
			<key>children</key>
			<array>
				<string>F4ACBCDE1852D9F400E1D87E</string>
				<string>F4ACBCE01852D9F400E1D87E</string>
				<string>F4ACBCE21852D9F400E1D87E</string>
				<string>F4ACBCFD1852D9F400E1D87E</string>
				<string>95D45B911F4D4D718943F237</string>
				<string>56DFBB94DE2040B298251ABA</string>
			</array>
			<key>isa</key>
			<string>PBXGroup</string>
			<key>name</key>
			<string>Frameworks</string>
			<key>sourceTree</key>
			<string>&lt;group&gt;</string>
		</dict>
		<key>F4ACBCDE1852D9F400E1D87E</key>
		<dict>
			<key>isa</key>
			<string>PBXFileReference</string>
			<key>lastKnownFileType</key>
			<string>wrapper.framework</string>
			<key>name</key>
			<string>Foundation.framework</string>
			<key>path</key>
			<string>System/Library/Frameworks/Foundation.framework</string>
			<key>sourceTree</key>
			<string>SDKROOT</string>
		</dict>
		<key>F4ACBCDF1852D9F400E1D87E</key>
		<dict>
			<key>fileRef</key>
			<string>F4ACBCDE1852D9F400E1D87E</string>
			<key>isa</key>
			<string>PBXBuildFile</string>
		</dict>
		<key>F4ACBCE01852D9F400E1D87E</key>
		<dict>
			<key>isa</key>
			<string>PBXFileReference</string>
			<key>lastKnownFileType</key>
			<string>wrapper.framework</string>
			<key>name</key>
			<string>CoreGraphics.framework</string>
			<key>path</key>
			<string>System/Library/Frameworks/CoreGraphics.framework</string>
			<key>sourceTree</key>
			<string>SDKROOT</string>
		</dict>
		<key>F4ACBCE11852D9F400E1D87E</key>
		<dict>
			<key>fileRef</key>
			<string>F4ACBCE01852D9F400E1D87E</string>
			<key>isa</key>
			<string>PBXBuildFile</string>
		</dict>
		<key>F4ACBCE21852D9F400E1D87E</key>
		<dict>
			<key>isa</key>
			<string>PBXFileReference</string>
			<key>lastKnownFileType</key>
			<string>wrapper.framework</string>
			<key>name</key>
			<string>UIKit.framework</string>
			<key>path</key>
			<string>System/Library/Frameworks/UIKit.framework</string>
			<key>sourceTree</key>
			<string>SDKROOT</string>
		</dict>
		<key>F4ACBCE31852D9F400E1D87E</key>
		<dict>
			<key>fileRef</key>
			<string>F4ACBCE21852D9F400E1D87E</string>
			<key>isa</key>
			<string>PBXBuildFile</string>
		</dict>
		<key>F4ACBCE41852D9F400E1D87E</key>
		<dict>
			<key>children</key>
			<array>
				<string>F4ACBD161852DAB300E1D87E</string>
				<string>F4ACBD171852DAB300E1D87E</string>
				<string>F4ACBD1C1852DB4300E1D87E</string>
				<string>F4ACBCF31852D9F400E1D87E</string>
				<string>F4ACBCF41852D9F400E1D87E</string>
				<string>F4ACBCE51852D9F400E1D87E</string>
			</array>
			<key>isa</key>
			<string>PBXGroup</string>
			<key>path</key>
			<string>SRMonthPickerExample</string>
			<key>sourceTree</key>
			<string>&lt;group&gt;</string>
		</dict>
		<key>F4ACBCE51852D9F400E1D87E</key>
		<dict>
			<key>children</key>
			<array>
				<string>F4ACBCE61852D9F400E1D87E</string>
				<string>F4ACBCEA1852D9F400E1D87E</string>
				<string>F4ACBCEC1852D9F400E1D87E</string>
			</array>
			<key>isa</key>
			<string>PBXGroup</string>
			<key>name</key>
			<string>Supporting Files</string>
			<key>sourceTree</key>
			<string>&lt;group&gt;</string>
		</dict>
		<key>F4ACBCE61852D9F400E1D87E</key>
		<dict>
			<key>isa</key>
			<string>PBXFileReference</string>
			<key>lastKnownFileType</key>
			<string>text.plist.xml</string>
			<key>path</key>
			<string>SRMonthPickerExample-Info.plist</string>
			<key>sourceTree</key>
			<string>&lt;group&gt;</string>
		</dict>
		<key>F4ACBCEA1852D9F400E1D87E</key>
		<dict>
			<key>isa</key>
			<string>PBXFileReference</string>
			<key>lastKnownFileType</key>
			<string>sourcecode.c.objc</string>
			<key>path</key>
			<string>main.m</string>
			<key>sourceTree</key>
			<string>&lt;group&gt;</string>
		</dict>
		<key>F4ACBCEB1852D9F400E1D87E</key>
		<dict>
			<key>fileRef</key>
			<string>F4ACBCEA1852D9F400E1D87E</string>
			<key>isa</key>
			<string>PBXBuildFile</string>
		</dict>
		<key>F4ACBCEC1852D9F400E1D87E</key>
		<dict>
			<key>isa</key>
			<string>PBXFileReference</string>
			<key>lastKnownFileType</key>
			<string>sourcecode.c.h</string>
			<key>path</key>
			<string>SRMonthPickerExample-Prefix.pch</string>
			<key>sourceTree</key>
			<string>&lt;group&gt;</string>
		</dict>
		<key>F4ACBCF31852D9F400E1D87E</key>
		<dict>
			<key>isa</key>
			<string>PBXFileReference</string>
			<key>lastKnownFileType</key>
			<string>sourcecode.c.h</string>
			<key>path</key>
			<string>ViewController.h</string>
			<key>sourceTree</key>
			<string>&lt;group&gt;</string>
		</dict>
		<key>F4ACBCF41852D9F400E1D87E</key>
		<dict>
			<key>isa</key>
			<string>PBXFileReference</string>
			<key>lastKnownFileType</key>
			<string>sourcecode.c.objc</string>
			<key>path</key>
			<string>ViewController.m</string>
			<key>sourceTree</key>
			<string>&lt;group&gt;</string>
		</dict>
		<key>F4ACBCF51852D9F400E1D87E</key>
		<dict>
			<key>fileRef</key>
			<string>F4ACBCF41852D9F400E1D87E</string>
			<key>isa</key>
			<string>PBXBuildFile</string>
		</dict>
		<key>F4ACBCF81852D9F400E1D87E</key>
		<dict>
			<key>buildActionMask</key>
			<string>2147483647</string>
			<key>files</key>
			<array>
				<string>F447109E1852DCC700C83B85</string>
			</array>
			<key>isa</key>
			<string>PBXSourcesBuildPhase</string>
			<key>runOnlyForDeploymentPostprocessing</key>
			<string>0</string>
		</dict>
		<key>F4ACBCF91852D9F400E1D87E</key>
		<dict>
			<key>buildActionMask</key>
			<string>2147483647</string>
			<key>files</key>
			<array>
				<string>F4ACBCFE1852D9F400E1D87E</string>
				<string>F4ACBD001852D9F400E1D87E</string>
				<string>F4ACBCFF1852D9F400E1D87E</string>
				<string>E8D3D4C23AFF4BD39776CA0A</string>
			</array>
			<key>isa</key>
			<string>PBXFrameworksBuildPhase</string>
			<key>runOnlyForDeploymentPostprocessing</key>
			<string>0</string>
		</dict>
		<key>F4ACBCFA1852D9F400E1D87E</key>
		<dict>
			<key>buildActionMask</key>
			<string>2147483647</string>
			<key>files</key>
			<array/>
			<key>isa</key>
			<string>PBXResourcesBuildPhase</string>
			<key>runOnlyForDeploymentPostprocessing</key>
			<string>0</string>
		</dict>
		<key>F4ACBCFB1852D9F400E1D87E</key>
		<dict>
			<key>buildConfigurationList</key>
			<string>F4ACBD101852D9F400E1D87E</string>
			<key>buildPhases</key>
			<array>
				<string>04D22F5D30D44E48BE68E847</string>
				<string>F4ACBCF81852D9F400E1D87E</string>
				<string>F4ACBCF91852D9F400E1D87E</string>
				<string>F4ACBCFA1852D9F400E1D87E</string>
				<string>787CD66ED18747C6B6BEC6F3</string>
			</array>
			<key>buildRules</key>
			<array/>
			<key>dependencies</key>
			<array>
				<string>F4ACBD021852D9F400E1D87E</string>
			</array>
			<key>isa</key>
			<string>PBXNativeTarget</string>
			<key>name</key>
			<string>SRMonthPickerTests</string>
			<key>productName</key>
			<string>SRMonthPickerTests</string>
			<key>productReference</key>
			<string>F4ACBCFC1852D9F400E1D87E</string>
			<key>productType</key>
			<string>com.apple.product-type.bundle.unit-test</string>
		</dict>
		<key>F4ACBCFC1852D9F400E1D87E</key>
		<dict>
			<key>explicitFileType</key>
			<string>wrapper.cfbundle</string>
			<key>includeInIndex</key>
			<string>0</string>
			<key>isa</key>
			<string>PBXFileReference</string>
			<key>path</key>
			<string>SRMonthPickerTests.xctest</string>
			<key>sourceTree</key>
			<string>BUILT_PRODUCTS_DIR</string>
		</dict>
		<key>F4ACBCFD1852D9F400E1D87E</key>
		<dict>
			<key>isa</key>
			<string>PBXFileReference</string>
			<key>lastKnownFileType</key>
			<string>wrapper.framework</string>
			<key>name</key>
			<string>XCTest.framework</string>
			<key>path</key>
			<string>Library/Frameworks/XCTest.framework</string>
			<key>sourceTree</key>
			<string>DEVELOPER_DIR</string>
		</dict>
		<key>F4ACBCFE1852D9F400E1D87E</key>
		<dict>
			<key>fileRef</key>
			<string>F4ACBCFD1852D9F400E1D87E</string>
			<key>isa</key>
			<string>PBXBuildFile</string>
		</dict>
		<key>F4ACBCFF1852D9F400E1D87E</key>
		<dict>
			<key>fileRef</key>
			<string>F4ACBCDE1852D9F400E1D87E</string>
			<key>isa</key>
			<string>PBXBuildFile</string>
		</dict>
		<key>F4ACBD001852D9F400E1D87E</key>
		<dict>
			<key>fileRef</key>
			<string>F4ACBCE21852D9F400E1D87E</string>
			<key>isa</key>
			<string>PBXBuildFile</string>
		</dict>
		<key>F4ACBD011852D9F400E1D87E</key>
		<dict>
			<key>containerPortal</key>
			<string>F4ACBCD31852D9F400E1D87E</string>
			<key>isa</key>
			<string>PBXContainerItemProxy</string>
			<key>proxyType</key>
			<string>1</string>
			<key>remoteGlobalIDString</key>
			<string>F4ACBCDA1852D9F400E1D87E</string>
			<key>remoteInfo</key>
			<string>SRMonthPickerExample</string>
		</dict>
		<key>F4ACBD021852D9F400E1D87E</key>
		<dict>
			<key>isa</key>
			<string>PBXTargetDependency</string>
			<key>target</key>
			<string>F4ACBCDA1852D9F400E1D87E</string>
			<key>targetProxy</key>
			<string>F4ACBD011852D9F400E1D87E</string>
		</dict>
		<key>F4ACBD031852D9F400E1D87E</key>
		<dict>
			<key>children</key>
			<array>
				<string>F447109C1852DCC700C83B85</string>
				<string>F447109D1852DCC700C83B85</string>
				<string>F4ACBD041852D9F400E1D87E</string>
			</array>
			<key>isa</key>
			<string>PBXGroup</string>
			<key>path</key>
			<string>SRMonthPickerTests</string>
			<key>sourceTree</key>
			<string>&lt;group&gt;</string>
		</dict>
		<key>F4ACBD041852D9F400E1D87E</key>
		<dict>
			<key>children</key>
			<array>
				<string>F4ACBD051852D9F400E1D87E</string>
			</array>
			<key>isa</key>
			<string>PBXGroup</string>
			<key>name</key>
			<string>Supporting Files</string>
			<key>sourceTree</key>
			<string>&lt;group&gt;</string>
		</dict>
		<key>F4ACBD051852D9F400E1D87E</key>
		<dict>
			<key>isa</key>
			<string>PBXFileReference</string>
			<key>lastKnownFileType</key>
			<string>text.plist.xml</string>
			<key>path</key>
			<string>SRMonthPickerTests-Info.plist</string>
			<key>sourceTree</key>
			<string>&lt;group&gt;</string>
		</dict>
		<key>F4ACBD0B1852D9F400E1D87E</key>
		<dict>
			<key>buildSettings</key>
			<dict>
				<key>ALWAYS_SEARCH_USER_PATHS</key>
				<string>NO</string>
				<key>CLANG_CXX_LANGUAGE_STANDARD</key>
				<string>gnu++0x</string>
				<key>CLANG_CXX_LIBRARY</key>
				<string>libc++</string>
				<key>CLANG_ENABLE_MODULES</key>
				<string>YES</string>
				<key>CLANG_ENABLE_OBJC_ARC</key>
				<string>YES</string>
				<key>CLANG_WARN_BOOL_CONVERSION</key>
				<string>YES</string>
				<key>CLANG_WARN_CONSTANT_CONVERSION</key>
				<string>YES</string>
				<key>CLANG_WARN_DIRECT_OBJC_ISA_USAGE</key>
				<string>YES_ERROR</string>
				<key>CLANG_WARN_EMPTY_BODY</key>
				<string>YES</string>
				<key>CLANG_WARN_ENUM_CONVERSION</key>
				<string>YES</string>
				<key>CLANG_WARN_INT_CONVERSION</key>
				<string>YES</string>
				<key>CLANG_WARN_OBJC_ROOT_CLASS</key>
				<string>YES_ERROR</string>
				<key>CLANG_WARN__DUPLICATE_METHOD_MATCH</key>
				<string>YES</string>
				<key>CODE_SIGN_IDENTITY[sdk=iphoneos*]</key>
				<string>iPhone Developer</string>
				<key>COPY_PHASE_STRIP</key>
				<string>NO</string>
				<key>GCC_C_LANGUAGE_STANDARD</key>
				<string>gnu99</string>
				<key>GCC_DYNAMIC_NO_PIC</key>
				<string>NO</string>
				<key>GCC_OPTIMIZATION_LEVEL</key>
				<string>0</string>
				<key>GCC_PREPROCESSOR_DEFINITIONS</key>
				<array>
					<string>DEBUG=1</string>
					<string>$(inherited)</string>
				</array>
				<key>GCC_SYMBOLS_PRIVATE_EXTERN</key>
				<string>NO</string>
				<key>GCC_WARN_64_TO_32_BIT_CONVERSION</key>
				<string>YES</string>
				<key>GCC_WARN_ABOUT_RETURN_TYPE</key>
				<string>YES_ERROR</string>
				<key>GCC_WARN_UNDECLARED_SELECTOR</key>
				<string>YES</string>
				<key>GCC_WARN_UNINITIALIZED_AUTOS</key>
				<string>YES</string>
				<key>GCC_WARN_UNUSED_FUNCTION</key>
				<string>YES</string>
				<key>GCC_WARN_UNUSED_VARIABLE</key>
				<string>YES</string>
				<key>IPHONEOS_DEPLOYMENT_TARGET</key>
				<string>7.0</string>
				<key>ONLY_ACTIVE_ARCH</key>
				<string>YES</string>
				<key>SDKROOT</key>
				<string>iphoneos</string>
			</dict>
			<key>isa</key>
			<string>XCBuildConfiguration</string>
			<key>name</key>
			<string>Debug</string>
		</dict>
		<key>F4ACBD0C1852D9F400E1D87E</key>
		<dict>
			<key>buildSettings</key>
			<dict>
				<key>ALWAYS_SEARCH_USER_PATHS</key>
				<string>NO</string>
				<key>CLANG_CXX_LANGUAGE_STANDARD</key>
				<string>gnu++0x</string>
				<key>CLANG_CXX_LIBRARY</key>
				<string>libc++</string>
				<key>CLANG_ENABLE_MODULES</key>
				<string>YES</string>
				<key>CLANG_ENABLE_OBJC_ARC</key>
				<string>YES</string>
				<key>CLANG_WARN_BOOL_CONVERSION</key>
				<string>YES</string>
				<key>CLANG_WARN_CONSTANT_CONVERSION</key>
				<string>YES</string>
				<key>CLANG_WARN_DIRECT_OBJC_ISA_USAGE</key>
				<string>YES_ERROR</string>
				<key>CLANG_WARN_EMPTY_BODY</key>
				<string>YES</string>
				<key>CLANG_WARN_ENUM_CONVERSION</key>
				<string>YES</string>
				<key>CLANG_WARN_INT_CONVERSION</key>
				<string>YES</string>
				<key>CLANG_WARN_OBJC_ROOT_CLASS</key>
				<string>YES_ERROR</string>
				<key>CLANG_WARN__DUPLICATE_METHOD_MATCH</key>
				<string>YES</string>
				<key>CODE_SIGN_IDENTITY[sdk=iphoneos*]</key>
				<string>iPhone Developer</string>
				<key>COPY_PHASE_STRIP</key>
				<string>YES</string>
				<key>ENABLE_NS_ASSERTIONS</key>
				<string>NO</string>
				<key>GCC_C_LANGUAGE_STANDARD</key>
				<string>gnu99</string>
				<key>GCC_WARN_64_TO_32_BIT_CONVERSION</key>
				<string>YES</string>
				<key>GCC_WARN_ABOUT_RETURN_TYPE</key>
				<string>YES_ERROR</string>
				<key>GCC_WARN_UNDECLARED_SELECTOR</key>
				<string>YES</string>
				<key>GCC_WARN_UNINITIALIZED_AUTOS</key>
				<string>YES</string>
				<key>GCC_WARN_UNUSED_FUNCTION</key>
				<string>YES</string>
				<key>GCC_WARN_UNUSED_VARIABLE</key>
				<string>YES</string>
				<key>IPHONEOS_DEPLOYMENT_TARGET</key>
				<string>7.0</string>
				<key>SDKROOT</key>
				<string>iphoneos</string>
				<key>VALIDATE_PRODUCT</key>
				<string>YES</string>
			</dict>
			<key>isa</key>
			<string>XCBuildConfiguration</string>
			<key>name</key>
			<string>Release</string>
		</dict>
		<key>F4ACBD0D1852D9F400E1D87E</key>
		<dict>
			<key>buildConfigurations</key>
			<array>
				<string>F4ACBD0E1852D9F400E1D87E</string>
				<string>F4ACBD0F1852D9F400E1D87E</string>
			</array>
			<key>defaultConfigurationIsVisible</key>
			<string>0</string>
			<key>defaultConfigurationName</key>
			<string>Release</string>
			<key>isa</key>
			<string>XCConfigurationList</string>
		</dict>
		<key>F4ACBD0E1852D9F400E1D87E</key>
		<dict>
			<key>baseConfigurationReference</key>
			<string>756D57748BC241B64D3631C1</string>
			<key>buildSettings</key>
			<dict>
				<key>ASSETCATALOG_COMPILER_APPICON_NAME</key>
				<string>AppIcon</string>
				<key>ASSETCATALOG_COMPILER_LAUNCHIMAGE_NAME</key>
				<string>LaunchImage</string>
				<key>GCC_PRECOMPILE_PREFIX_HEADER</key>
				<string>YES</string>
				<key>GCC_PREFIX_HEADER</key>
				<string>SRMonthPickerExample/SRMonthPickerExample-Prefix.pch</string>
				<key>INFOPLIST_FILE</key>
				<string>SRMonthPickerExample/SRMonthPickerExample-Info.plist</string>
				<key>IPHONEOS_DEPLOYMENT_TARGET</key>
				<string>6.0</string>
				<key>PRODUCT_NAME</key>
				<string>$(TARGET_NAME)</string>
				<key>WRAPPER_EXTENSION</key>
				<string>app</string>
			</dict>
			<key>isa</key>
			<string>XCBuildConfiguration</string>
			<key>name</key>
			<string>Debug</string>
		</dict>
		<key>F4ACBD0F1852D9F400E1D87E</key>
		<dict>
			<key>baseConfigurationReference</key>
			<string>BBA3C1C495EB6CBCE7CDA08E</string>
			<key>buildSettings</key>
			<dict>
				<key>ASSETCATALOG_COMPILER_APPICON_NAME</key>
				<string>AppIcon</string>
				<key>ASSETCATALOG_COMPILER_LAUNCHIMAGE_NAME</key>
				<string>LaunchImage</string>
				<key>GCC_PRECOMPILE_PREFIX_HEADER</key>
				<string>YES</string>
				<key>GCC_PREFIX_HEADER</key>
				<string>SRMonthPickerExample/SRMonthPickerExample-Prefix.pch</string>
				<key>INFOPLIST_FILE</key>
				<string>SRMonthPickerExample/SRMonthPickerExample-Info.plist</string>
				<key>IPHONEOS_DEPLOYMENT_TARGET</key>
				<string>6.0</string>
				<key>PRODUCT_NAME</key>
				<string>$(TARGET_NAME)</string>
				<key>WRAPPER_EXTENSION</key>
				<string>app</string>
			</dict>
			<key>isa</key>
			<string>XCBuildConfiguration</string>
			<key>name</key>
			<string>Release</string>
		</dict>
		<key>F4ACBD101852D9F400E1D87E</key>
		<dict>
			<key>buildConfigurations</key>
			<array>
				<string>F4ACBD111852D9F400E1D87E</string>
				<string>F4ACBD121852D9F400E1D87E</string>
			</array>
			<key>defaultConfigurationIsVisible</key>
			<string>0</string>
			<key>defaultConfigurationName</key>
			<string>Release</string>
			<key>isa</key>
			<string>XCConfigurationList</string>
		</dict>
		<key>F4ACBD111852D9F400E1D87E</key>
		<dict>
			<key>baseConfigurationReference</key>
			<string>E6099FAD4107E14AB2F2CCCC</string>
			<key>buildSettings</key>
			<dict>
				<key>BUNDLE_LOADER</key>
				<string>$(BUILT_PRODUCTS_DIR)/SRMonthPickerExample.app/SRMonthPickerExample</string>
				<key>FRAMEWORK_SEARCH_PATHS</key>
				<array>
					<string>$(SDKROOT)/Developer/Library/Frameworks</string>
					<string>$(inherited)</string>
					<string>$(DEVELOPER_FRAMEWORKS_DIR)</string>
				</array>
				<key>GCC_PRECOMPILE_PREFIX_HEADER</key>
				<string>YES</string>
				<key>GCC_PREFIX_HEADER</key>
				<string>SRMonthPickerExample/SRMonthPickerExample-Prefix.pch</string>
				<key>GCC_PREPROCESSOR_DEFINITIONS</key>
				<array>
					<string>DEBUG=1</string>
					<string>$(inherited)</string>
				</array>
				<key>INFOPLIST_FILE</key>
				<string>SRMonthPickerTests/SRMonthPickerTests-Info.plist</string>
				<key>PRODUCT_NAME</key>
				<string>$(TARGET_NAME)</string>
				<key>TEST_HOST</key>
				<string>$(BUNDLE_LOADER)</string>
				<key>WRAPPER_EXTENSION</key>
				<string>xctest</string>
			</dict>
			<key>isa</key>
			<string>XCBuildConfiguration</string>
			<key>name</key>
			<string>Debug</string>
		</dict>
		<key>F4ACBD121852D9F400E1D87E</key>
		<dict>
			<key>baseConfigurationReference</key>
			<string>18A94794CB4FD6CCD38235A2</string>
			<key>buildSettings</key>
			<dict>
				<key>BUNDLE_LOADER</key>
				<string>$(BUILT_PRODUCTS_DIR)/SRMonthPickerExample.app/SRMonthPickerExample</string>
				<key>FRAMEWORK_SEARCH_PATHS</key>
				<array>
					<string>$(SDKROOT)/Developer/Library/Frameworks</string>
					<string>$(inherited)</string>
					<string>$(DEVELOPER_FRAMEWORKS_DIR)</string>
				</array>
				<key>GCC_PRECOMPILE_PREFIX_HEADER</key>
				<string>YES</string>
				<key>GCC_PREFIX_HEADER</key>
				<string>SRMonthPickerExample/SRMonthPickerExample-Prefix.pch</string>
				<key>INFOPLIST_FILE</key>
				<string>SRMonthPickerTests/SRMonthPickerTests-Info.plist</string>
				<key>PRODUCT_NAME</key>
				<string>$(TARGET_NAME)</string>
				<key>TEST_HOST</key>
				<string>$(BUNDLE_LOADER)</string>
				<key>WRAPPER_EXTENSION</key>
				<string>xctest</string>
			</dict>
			<key>isa</key>
			<string>XCBuildConfiguration</string>
			<key>name</key>
			<string>Release</string>
		</dict>
		<key>F4ACBD161852DAB300E1D87E</key>
		<dict>
			<key>fileEncoding</key>
			<string>4</string>
			<key>isa</key>
			<string>PBXFileReference</string>
			<key>lastKnownFileType</key>
			<string>sourcecode.c.h</string>
			<key>path</key>
			<string>AppDelegate.h</string>
			<key>sourceTree</key>
			<string>&lt;group&gt;</string>
		</dict>
		<key>F4ACBD171852DAB300E1D87E</key>
		<dict>
			<key>fileEncoding</key>
			<string>4</string>
			<key>isa</key>
			<string>PBXFileReference</string>
			<key>lastKnownFileType</key>
			<string>sourcecode.c.objc</string>
			<key>path</key>
			<string>AppDelegate.m</string>
			<key>sourceTree</key>
			<string>&lt;group&gt;</string>
		</dict>
		<key>F4ACBD181852DAB300E1D87E</key>
		<dict>
			<key>fileRef</key>
			<string>F4ACBD171852DAB300E1D87E</string>
			<key>isa</key>
			<string>PBXBuildFile</string>
		</dict>
		<key>F4ACBD1C1852DB4300E1D87E</key>
		<dict>
			<key>children</key>
			<array>
				<string>F4ACBD1D1852DB4300E1D87E</string>
			</array>
			<key>isa</key>
			<string>PBXVariantGroup</string>
			<key>name</key>
			<string>MainStoryboard.storyboard</string>
			<key>sourceTree</key>
			<string>&lt;group&gt;</string>
		</dict>
		<key>F4ACBD1D1852DB4300E1D87E</key>
		<dict>
			<key>isa</key>
			<string>PBXFileReference</string>
			<key>lastKnownFileType</key>
			<string>file.storyboard</string>
			<key>name</key>
			<string>en</string>
			<key>path</key>
			<string>en.lproj/MainStoryboard.storyboard</string>
			<key>sourceTree</key>
			<string>&lt;group&gt;</string>
		</dict>
		<key>F4ACBD1E1852DB4300E1D87E</key>
		<dict>
			<key>fileRef</key>
			<string>F4ACBD1C1852DB4300E1D87E</string>
			<key>isa</key>
			<string>PBXBuildFile</string>
		</dict>
	</dict>
	<key>rootObject</key>
	<string>F4ACBCD31852D9F400E1D87E</string>
</dict>
</plist>
